
Microsoft Visual Studio Solution File, Format Version 12.00
# Visual Studio 14
VisualStudioVersion = 14.0.25420.1
MinimumVisualStudioVersion = 10.0.40219.1
Project("{FAE04EC0-301F-11D3-BF4B-00C04F79EFBC}") = "MSMQ.Producer", "MSMQ.Producer\MSMQ.Producer.csproj", "{2112CBD8-3883-4C81-A10D-1A893A5A0144}"
EndProject
Project("{FAE04EC0-301F-11D3-BF4B-00C04F79EFBC}") = "MSMQ.Consumer", "MSMQ.Consumer\MSMQ.Consumer.csproj", "{063CCED0-8235-4C3F-84A5-14008185F67C}"
EndProject
Project("{FAE04EC0-301F-11D3-BF4B-00C04F79EFBC}") = "MSMQ.Messages", "MSMQ.Messages\MSMQ.Messages.csproj", "{05E09DB2-2FDF-4E7E-BF9F-4A4B92F2B295}"
EndProject
Global
	GlobalSection(SolutionConfigurationPlatforms) = preSolution
		Debug|Any CPU = Debug|Any CPU
		Release|Any CPU = Release|Any CPU
	EndGlobalSection
	GlobalSection(ProjectConfigurationPlatforms) = postSolution
		{2112CBD8-3883-4C81-A10D-1A893A5A0144}.Debug|Any CPU.ActiveCfg = Debug|Any CPU
		{2112CBD8-3883-4C81-A10D-1A893A5A0144}.Debug|Any CPU.Build.0 = Debug|Any CPU
		{2112CBD8-3883-4C81-A10D-1A893A5A0144}.Release|Any CPU.ActiveCfg = Release|Any CPU
		{2112CBD8-3883-4C81-A10D-1A893A5A0144}.Release|Any CPU.Build.0 = Release|Any CPU
		{063CCED0-8235-4C3F-84A5-14008185F67C}.Debug|Any CPU.ActiveCfg = Debug|Any CPU
		{063CCED0-8235-4C3F-84A5-14008185F67C}.Debug|Any CPU.Build.0 = Debug|Any CPU
		{063CCED0-8235-4C3F-84A5-14008185F67C}.Release|Any CPU.ActiveCfg = Release|Any CPU
		{063CCED0-8235-4C3F-84A5-14008185F67C}.Release|Any CPU.Build.0 = Release|Any CPU
		{05E09DB2-2FDF-4E7E-BF9F-4A4B92F2B295}.Debug|Any CPU.ActiveCfg = Debug|Any CPU
		{05E09DB2-2FDF-4E7E-BF9F-4A4B92F2B295}.Debug|Any CPU.Build.0 = Debug|Any CPU
		{05E09DB2-2FDF-4E7E-BF9F-4A4B92F2B295}.Release|Any CPU.ActiveCfg = Release|Any CPU
		{05E09DB2-2FDF-4E7E-BF9F-4A4B92F2B295}.Release|Any CPU.Build.0 = Release|Any CPU
	EndGlobalSection
	GlobalSection(SolutionProperties) = preSolution
		HideSolutionNode = FALSE
	EndGlobalSection
EndGlobal
